
Microsoft Visual Studio Solution File, Format Version 12.00
# Visual Studio Version 17
VisualStudioVersion = 17.13.35806.99 d17.13
MinimumVisualStudioVersion = 10.0.40219.1
Project("{FAE04EC0-301F-11D3-BF4B-00C04F79EFBC}") = "FileIOExample", "FileIOExample\FileIOExample.csproj", "{C9BE2FAC-389A-417D-81B2-571202555E48}"
EndProject
Global
	GlobalSection(SolutionConfigurationPlatforms) = preSolution
		Debug|Any CPU = Debug|Any CPU
		Release|Any CPU = Release|Any CPU
	EndGlobalSection
	GlobalSection(ProjectConfigurationPlatforms) = postSolution
		{C9BE2FAC-389A-417D-81B2-571202555E48}.Debug|Any CPU.ActiveCfg = Debug|Any CPU
		{C9BE2FAC-389A-417D-81B2-571202555E48}.Debug|Any CPU.Build.0 = Debug|Any CPU
		{C9BE2FAC-389A-417D-81B2-571202555E48}.Release|Any CPU.ActiveCfg = Release|Any CPU
		{C9BE2FAC-389A-417D-81B2-571202555E48}.Release|Any CPU.Build.0 = Release|Any CPU
	EndGlobalSection
	GlobalSection(SolutionProperties) = preSolution
		HideSolutionNode = FALSE
	EndGlobalSection
	GlobalSection(ExtensibilityGlobals) = postSolution
		SolutionGuid = {F4CC38ED-E7C6-47D3-96C4-CB7CD7052DB1}
	EndGlobalSection
EndGlobal
